
Microsoft Visual Studio Solution File, Format Version 12.00
Project("{FAE04EC0-301F-11D3-BF4B-00C04F79EFBC}") = "OneDriveIntegrator", "OneDriveIntegrator\OneDriveIntegrator.csproj", "{AC2CC5BD-AA01-4003-AC74-84A6DC0C46C9}"
EndProject
Global
	GlobalSection(SolutionConfigurationPlatforms) = preSolution
		Debug|Any CPU = Debug|Any CPU
		Release|Any CPU = Release|Any CPU
	EndGlobalSection
	GlobalSection(ProjectConfigurationPlatforms) = postSolution
		{AC2CC5BD-AA01-4003-AC74-84A6DC0C46C9}.Debug|Any CPU.ActiveCfg = Debug|Any CPU
		{AC2CC5BD-AA01-4003-AC74-84A6DC0C46C9}.Debug|Any CPU.Build.0 = Debug|Any CPU
		{AC2CC5BD-AA01-4003-AC74-84A6DC0C46C9}.Release|Any CPU.ActiveCfg = Release|Any CPU
		{AC2CC5BD-AA01-4003-AC74-84A6DC0C46C9}.Release|Any CPU.Build.0 = Release|Any CPU
	EndGlobalSection
EndGlobal
